
Microsoft Visual Studio Solution File, Format Version 12.00
# Visual Studio Version 17
VisualStudioVersion = 17.0.32014.148
MinimumVisualStudioVersion = 10.0.40219.1
Project("{9A19103F-16F7-4668-BE54-9A1E7A4F7556}") = "EFSoft.Inventory.Api", "EFSoft.Inventory.Api\EFSoft.Inventory.Api.csproj", "{8411E185-9F1D-4DD1-BD56-BEA688532662}"
EndProject
Project("{9A19103F-16F7-4668-BE54-9A1E7A4F7556}") = "EFSoft.Inventory.Application", "EFSoft.Inventory.Application\EFSoft.Inventory.Application.csproj", "{A5AC4E17-3BF3-44B4-ADE5-2FD5D67223F5}"
EndProject
Project("{9A19103F-16F7-4668-BE54-9A1E7A4F7556}") = "EFSoft.Inventory.Domain", "EFSoft.Inventory.Domain\EFSoft.Inventory.Domain.csproj", "{46340DB7-F98D-40F1-AA79-34592F42F158}"
EndProject
Project("{9A19103F-16F7-4668-BE54-9A1E7A4F7556}") = "EFSoft.Inventory.Infrastructure", "EFSoft.Inventory.Infrastructure\EFSoft.Inventory.Infrastructure.csproj", "{FA67F9F8-C361-4504-8B88-DFDACECF8416}"
EndProject
Project("{9A19103F-16F7-4668-BE54-9A1E7A4F7556}") = "EFSoft.Inventory.Stock.Function", "EFSoft.Inventory.Stock.Function\EFSoft.Inventory.Stock.Function.csproj", "{3EBEA8F0-9B3C-4023-A46D-FE49E50B402A}"
EndProject
Project("{2150E333-8FDC-42A3-9474-1A3956D46DE8}") = "Solution Items", "Solution Items", "{424E3483-6F33-4762-9F58-BFD926C3E761}"
	ProjectSection(SolutionItems) = preProject
		azure-function-pipeline.yml = azure-function-pipeline.yml
		azure-pipelines.yml = azure-pipelines.yml
	EndProjectSection
EndProject
Global
	GlobalSection(SolutionConfigurationPlatforms) = preSolution
		Debug|Any CPU = Debug|Any CPU
		Release|Any CPU = Release|Any CPU
	EndGlobalSection
	GlobalSection(ProjectConfigurationPlatforms) = postSolution
		{8411E185-9F1D-4DD1-BD56-BEA688532662}.Debug|Any CPU.ActiveCfg = Debug|Any CPU
		{8411E185-9F1D-4DD1-BD56-BEA688532662}.Debug|Any CPU.Build.0 = Debug|Any CPU
		{8411E185-9F1D-4DD1-BD56-BEA688532662}.Release|Any CPU.ActiveCfg = Release|Any CPU
		{8411E185-9F1D-4DD1-BD56-BEA688532662}.Release|Any CPU.Build.0 = Release|Any CPU
		{A5AC4E17-3BF3-44B4-ADE5-2FD5D67223F5}.Debug|Any CPU.ActiveCfg = Debug|Any CPU
		{A5AC4E17-3BF3-44B4-ADE5-2FD5D67223F5}.Debug|Any CPU.Build.0 = Debug|Any CPU
		{A5AC4E17-3BF3-44B4-ADE5-2FD5D67223F5}.Release|Any CPU.ActiveCfg = Release|Any CPU
		{A5AC4E17-3BF3-44B4-ADE5-2FD5D67223F5}.Release|Any CPU.Build.0 = Release|Any CPU
		{46340DB7-F98D-40F1-AA79-34592F42F158}.Debug|Any CPU.ActiveCfg = Debug|Any CPU
		{46340DB7-F98D-40F1-AA79-34592F42F158}.Debug|Any CPU.Build.0 = Debug|Any CPU
		{46340DB7-F98D-40F1-AA79-34592F42F158}.Release|Any CPU.ActiveCfg = Release|Any CPU
		{46340DB7-F98D-40F1-AA79-34592F42F158}.Release|Any CPU.Build.0 = Release|Any CPU
		{FA67F9F8-C361-4504-8B88-DFDACECF8416}.Debug|Any CPU.ActiveCfg = Debug|Any CPU
		{FA67F9F8-C361-4504-8B88-DFDACECF8416}.Debug|Any CPU.Build.0 = Debug|Any CPU
		{FA67F9F8-C361-4504-8B88-DFDACECF8416}.Release|Any CPU.ActiveCfg = Release|Any CPU
		{FA67F9F8-C361-4504-8B88-DFDACECF8416}.Release|Any CPU.Build.0 = Release|Any CPU
		{3EBEA8F0-9B3C-4023-A46D-FE49E50B402A}.Debug|Any CPU.ActiveCfg = Debug|Any CPU
		{3EBEA8F0-9B3C-4023-A46D-FE49E50B402A}.Debug|Any CPU.Build.0 = Debug|Any CPU
		{3EBEA8F0-9B3C-4023-A46D-FE49E50B402A}.Release|Any CPU.ActiveCfg = Release|Any CPU
		{3EBEA8F0-9B3C-4023-A46D-FE49E50B402A}.Release|Any CPU.Build.0 = Release|Any CPU
	EndGlobalSection
	GlobalSection(SolutionProperties) = preSolution
		HideSolutionNode = FALSE
	EndGlobalSection
	GlobalSection(ExtensibilityGlobals) = postSolution
		SolutionGuid = {2DF34D14-D539-4719-9C85-52C27F643D88}
	EndGlobalSection
EndGlobal
